
Microsoft Visual Studio Solution File, Format Version 12.00
# Visual Studio Version 17
VisualStudioVersion = 17.5.001.0
MinimumVisualStudioVersion = 10.0.40219.1
Project("{9A19103F-16F7-4668-BE54-9A1E7A4F7556}") = "physics", "physics.csproj", "{589890F0-74D2-4A23-917C-868826BB9D4F}"
EndProject
Project("{9A19103F-16F7-4668-BE54-9A1E7A4F7556}") = "Flat", "flat\Flat.csproj", "{AA57355C-9A60-4C2C-AE50-C260B0ECAB6C}"
EndProject
Global
	GlobalSection(SolutionConfigurationPlatforms) = preSolution
		Debug|Any CPU = Debug|Any CPU
		Release|Any CPU = Release|Any CPU
	EndGlobalSection
	GlobalSection(ProjectConfigurationPlatforms) = postSolution
		{589890F0-74D2-4A23-917C-868826BB9D4F}.Debug|Any CPU.ActiveCfg = Debug|Any CPU
		{589890F0-74D2-4A23-917C-868826BB9D4F}.Debug|Any CPU.Build.0 = Debug|Any CPU
		{589890F0-74D2-4A23-917C-868826BB9D4F}.Release|Any CPU.ActiveCfg = Release|Any CPU
		{589890F0-74D2-4A23-917C-868826BB9D4F}.Release|Any CPU.Build.0 = Release|Any CPU
		{AA57355C-9A60-4C2C-AE50-C260B0ECAB6C}.Debug|Any CPU.ActiveCfg = Debug|Any CPU
		{AA57355C-9A60-4C2C-AE50-C260B0ECAB6C}.Debug|Any CPU.Build.0 = Debug|Any CPU
		{AA57355C-9A60-4C2C-AE50-C260B0ECAB6C}.Release|Any CPU.ActiveCfg = Release|Any CPU
		{AA57355C-9A60-4C2C-AE50-C260B0ECAB6C}.Release|Any CPU.Build.0 = Release|Any CPU
	EndGlobalSection
	GlobalSection(SolutionProperties) = preSolution
		HideSolutionNode = FALSE
	EndGlobalSection
	GlobalSection(ExtensibilityGlobals) = postSolution
		SolutionGuid = {4294AE91-C7CB-4E25-93CB-630052796AA8}
	EndGlobalSection
EndGlobal
